PODS:
  - Alamofire (4.7.3)
  - ImagePreview (0.6.0)

DEPENDENCIES:
  - Alamofire
  - ImagePreview (from `../`)

SPEC REPOS:
  https://github.com/cocoapods/specs.git:
    - Alamofire

EXTERNAL SOURCES:
  ImagePreview:
    :path: "../"

SPEC CHECKSUMS:
  Alamofire: c7287b6e5d7da964a70935e5db17046b7fde6568
  ImagePreview: c73f04f03326b15c1d214c8030805609f4cac271

PODFILE CHECKSUM: e2db34f51057ca6ff757f6542da6545577323566

COCOAPODS: 1.5.3
