PODS:
  - Alamofire (4.4.0)
  - ImagePreview (0.5.0)

DEPENDENCIES:
  - Alamofire
  - ImagePreview (from `../`)

EXTERNAL SOURCES:
  ImagePreview:
    :path: ../

SPEC CHECKSUMS:
  Alamofire: dc44b1600b800eb63da6a19039a0083d62a6a62d
  ImagePreview: 019e57c46d0df7d073206d02e6e910ce8b7a8bf6

PODFILE CHECKSUM: e2db34f51057ca6ff757f6542da6545577323566

COCOAPODS: 1.2.1
