PODS:
  - Alamofire (4.9.0)
  - ImagePreview (0.8.0)

DEPENDENCIES:
  - Alamofire
  - ImagePreview (from `../`)

SPEC REPOS:
  trunk:
    - Alamofire

EXTERNAL SOURCES:
  ImagePreview:
    :path: "../"

SPEC CHECKSUMS:
  Alamofire: afc3e7c6db61476cb45cdd23fed06bad03bbc321
  ImagePreview: b39ba7b9ca2cee03939c35c95765eb9c07d09f8d

PODFILE CHECKSUM: e2db34f51057ca6ff757f6542da6545577323566

COCOAPODS: 1.8.4
